
Microsoft Visual Studio Solution File, Format Version 12.00
# Visual Studio Version 17
VisualStudioVersion = 17.6.33723.286
MinimumVisualStudioVersion = 10.0.40219.1
Project("{888888A0-9F3D-457C-B088-3A5042F75D52}") = "Nomad---Scraper-Web-Application", "Nomad---Scraper-Web-Application\Nomad---Scraper-Web-Application.pyproj", "{C650D0E8-138B-49F3-8D44-CC43A062AB98}"
EndProject
Global
	GlobalSection(SolutionConfigurationPlatforms) = preSolution
		Debug|Any CPU = Debug|Any CPU
		Release|Any CPU = Release|Any CPU
	EndGlobalSection
	GlobalSection(ProjectConfigurationPlatforms) = postSolution
		{C650D0E8-138B-49F3-8D44-CC43A062AB98}.Debug|Any CPU.ActiveCfg = Debug|Any CPU
		{C650D0E8-138B-49F3-8D44-CC43A062AB98}.Debug|Any CPU.Build.0 = Debug|Any CPU
		{C650D0E8-138B-49F3-8D44-CC43A062AB98}.Release|Any CPU.ActiveCfg = Release|Any CPU
		{C650D0E8-138B-49F3-8D44-CC43A062AB98}.Release|Any CPU.Build.0 = Release|Any CPU
	EndGlobalSection
	GlobalSection(SolutionProperties) = preSolution
		HideSolutionNode = FALSE
	EndGlobalSection
	GlobalSection(ExtensibilityGlobals) = postSolution
		SolutionGuid = {30F16A6C-A0FF-4416-B59B-22003D4E9E58}
	EndGlobalSection
EndGlobal
